
Microsoft Visual Studio Solution File, Format Version 11.00
# Visual Web Developer Express 2010
Project("{FAE04EC0-301F-11D3-BF4B-00C04F79EFBC}") = "WcfCommService", "WcfCommService\WcfCommService.csproj", "{4E8C1B94-0844-4EA1-8A2B-55B94E8D4273}"
	ProjectSection(ProjectDependencies) = postProject
		{F711C36B-0DBC-4FB0-9F54-47C09C206E8F} = {F711C36B-0DBC-4FB0-9F54-47C09C206E8F}
		{EA165485-7BE1-41BF-9F1F-A595C94CD87D} = {EA165485-7BE1-41BF-9F1F-A595C94CD87D}
		{34D203DA-5446-43FE-A1B6-E7B6A1B0F14E} = {34D203DA-5446-43FE-A1B6-E7B6A1B0F14E}
	EndProjectSection
EndProject
Project("{FAE04EC0-301F-11D3-BF4B-00C04F79EFBC}") = "Crystalbyte.Equinox.Core", "equinox\source\Main\Source\Crystalbyte.Equinox.Core\Crystalbyte.Equinox.Core.csproj", "{EA165485-7BE1-41BF-9F1F-A595C94CD87D}"
	ProjectSection(ProjectDependencies) = postProject
		{F711C36B-0DBC-4FB0-9F54-47C09C206E8F} = {F711C36B-0DBC-4FB0-9F54-47C09C206E8F}
	EndProjectSection
EndProject
Project("{FAE04EC0-301F-11D3-BF4B-00C04F79EFBC}") = "Crystalbyte.Equinox.Imap", "equinox\source\Main\Source\Crystalbyte.Equinox.Imap\Crystalbyte.Equinox.Imap.csproj", "{34D203DA-5446-43FE-A1B6-E7B6A1B0F14E}"
	ProjectSection(ProjectDependencies) = postProject
		{EA165485-7BE1-41BF-9F1F-A595C94CD87D} = {EA165485-7BE1-41BF-9F1F-A595C94CD87D}
	EndProjectSection
EndProject
Project("{FAE04EC0-301F-11D3-BF4B-00C04F79EFBC}") = "Crystalbyte.Equinox.Mime", "equinox\source\Main\Source\Crystalbyte.Equinox.Mime\Crystalbyte.Equinox.Mime.csproj", "{F711C36B-0DBC-4FB0-9F54-47C09C206E8F}"
EndProject
Global
	GlobalSection(SolutionConfigurationPlatforms) = preSolution
		Debug|Any CPU = Debug|Any CPU
		Release|Any CPU = Release|Any CPU
	EndGlobalSection
	GlobalSection(ProjectConfigurationPlatforms) = postSolution
		{4E8C1B94-0844-4EA1-8A2B-55B94E8D4273}.Debug|Any CPU.ActiveCfg = Debug|Any CPU
		{4E8C1B94-0844-4EA1-8A2B-55B94E8D4273}.Debug|Any CPU.Build.0 = Debug|Any CPU
		{4E8C1B94-0844-4EA1-8A2B-55B94E8D4273}.Release|Any CPU.ActiveCfg = Release|Any CPU
		{4E8C1B94-0844-4EA1-8A2B-55B94E8D4273}.Release|Any CPU.Build.0 = Release|Any CPU
		{EA165485-7BE1-41BF-9F1F-A595C94CD87D}.Debug|Any CPU.ActiveCfg = Debug|Any CPU
		{EA165485-7BE1-41BF-9F1F-A595C94CD87D}.Debug|Any CPU.Build.0 = Debug|Any CPU
		{EA165485-7BE1-41BF-9F1F-A595C94CD87D}.Release|Any CPU.ActiveCfg = Release|Any CPU
		{EA165485-7BE1-41BF-9F1F-A595C94CD87D}.Release|Any CPU.Build.0 = Release|Any CPU
		{34D203DA-5446-43FE-A1B6-E7B6A1B0F14E}.Debug|Any CPU.ActiveCfg = Debug|Any CPU
		{34D203DA-5446-43FE-A1B6-E7B6A1B0F14E}.Debug|Any CPU.Build.0 = Debug|Any CPU
		{34D203DA-5446-43FE-A1B6-E7B6A1B0F14E}.Release|Any CPU.ActiveCfg = Release|Any CPU
		{34D203DA-5446-43FE-A1B6-E7B6A1B0F14E}.Release|Any CPU.Build.0 = Release|Any CPU
		{F711C36B-0DBC-4FB0-9F54-47C09C206E8F}.Debug|Any CPU.ActiveCfg = Debug|Any CPU
		{F711C36B-0DBC-4FB0-9F54-47C09C206E8F}.Debug|Any CPU.Build.0 = Debug|Any CPU
		{F711C36B-0DBC-4FB0-9F54-47C09C206E8F}.Release|Any CPU.ActiveCfg = Release|Any CPU
		{F711C36B-0DBC-4FB0-9F54-47C09C206E8F}.Release|Any CPU.Build.0 = Release|Any CPU
	EndGlobalSection
	GlobalSection(SolutionProperties) = preSolution
		HideSolutionNode = FALSE
	EndGlobalSection
EndGlobal
